{
  "nodes": {
    "firmware": {
      "flake": false,
      "locked": {
        "lastModified": 1613486701,
        "narHash": "sha256-L3qchuLwhujKcoFiVnL3Ao6b4iKRI/w113EENOpWMNE=",
        "owner": "raspberrypi",
        "repo": "firmware",
        "rev": "ba6259246c702b04ea56ff1034325e476d460ae8",
        "type": "github"
      },
      "original": {
        "owner": "raspberrypi",
        "repo": "firmware",
        "type": "github"
      }
    },
    "nixpkgs": {
      "locked": {
        "lastModified": 1698336494,
        "narHash": "sha256-sO72WDBKyijYD1GcKPlGsycKbMBiTJMBCnmOxLAs880=",
        "owner": "NixOS",
        "repo": "nixpkgs",
        "rev": "808c0d8c53c7ae50f82aca8e7df263225cf235bf",
        "type": "github"
      },
      "original": {
        "id": "nixpkgs",
        "type": "indirect"
      }
    },
    "nixpkgs-be": {
      "locked": {
        "lastModified": 1637959927,
        "narHash": "sha256-NhfBtrRwGZK9NuPR3DGa7fk6l+XK07vvEYJyyz8Edok=",
        "owner": "cleverca22",
        "repo": "nixpkgs",
        "rev": "c865a2a7dd68d0d7f3f7b5bdda951feba0bc05c4",
        "type": "github"
      },
      "original": {
        "owner": "cleverca22",
        "ref": "aarch64-be",
        "repo": "nixpkgs",
        "type": "github"
      }
    },
    "root": {
      "inputs": {
        "firmware": "firmware",
        "nixpkgs": "nixpkgs",
        "nixpkgs-be": "nixpkgs-be",
        "rpi-eeprom": "rpi-eeprom",
        "rpi-open-firmware": "rpi-open-firmware",
        "utils": "utils"
      }
    },
    "rpi-eeprom": {
      "flake": false,
      "locked": {
        "lastModified": 1607946172,
        "narHash": "sha256-E1/doS2LVpOgJutXNYJweecMQM10RUiujt5YQohd53o=",
        "owner": "raspberrypi",
        "repo": "rpi-eeprom",
        "rev": "54a9796abbee59067bff9da6b90c1014178f2c21",
        "type": "github"
      },
      "original": {
        "owner": "raspberrypi",
        "repo": "rpi-eeprom",
        "type": "github"
      }
    },
    "rpi-open-firmware": {
      "flake": false,
      "locked": {
        "lastModified": 1627196750,
        "narHash": "sha256-3MdVYk1z1Ro7QXGsWMoV0yTc5SLptO+oonTWQPi90sA=",
        "owner": "librerpi",
        "repo": "rpi-open-firmware",
        "rev": "418f43903320b31e7846223c95448fe3f44b506c",
        "type": "github"
      },
      "original": {
        "owner": "librerpi",
        "repo": "rpi-open-firmware",
        "type": "github"
      }
    },
    "utils": {
      "locked": {
        "lastModified": 1609246779,
        "narHash": "sha256-eq6ZXE/VWo3EMC65jmIT6H/rrUc9UWOWVujkzav025k=",
        "owner": "numtide",
        "repo": "flake-utils",
        "rev": "08c7ad4a0844adc4a7f9f5bb3beae482e789afa4",
        "type": "github"
      },
      "original": {
        "owner": "numtide",
        "repo": "flake-utils",
        "type": "github"
      }
    }
  },
  "root": "root",
  "version": 7
}
